
Microsoft Visual Studio Solution File, Format Version 12.00
# Visual Studio Version 16
VisualStudioVersion = 16.0.31205.134
MinimumVisualStudioVersion = 10.0.40219.1
Project("{9A19103F-16F7-4668-BE54-9A1E7A4F7556}") = "SimpleChatWebServicesCode", "SimpleChatWebServicesCode\SimpleChatWebServicesCode.csproj", "{FD3D27D2-7465-44BC-A7B1-F6BEC5F094DD}"
EndProject
Project("{9A19103F-16F7-4668-BE54-9A1E7A4F7556}") = "SimpleChatServerSideCode", "SimpleChatServerSideCode\SimpleChatServerSideCode.csproj", "{7B42202D-245E-4AE2-AF77-C3895501EB03}"
EndProject
Project("{FAE04EC0-301F-11D3-BF4B-00C04F79EFBC}") = "SimpleChatClientSideCode", "SimpleChatClientSideCode\SimpleChatClientSideCode.csproj", "{309E1D39-D6E9-436A-B542-6D460A766F08}"
EndProject
Global
	GlobalSection(SolutionConfigurationPlatforms) = preSolution
		Debug|Any CPU = Debug|Any CPU
		Release|Any CPU = Release|Any CPU
	EndGlobalSection
	GlobalSection(ProjectConfigurationPlatforms) = postSolution
		{FD3D27D2-7465-44BC-A7B1-F6BEC5F094DD}.Debug|Any CPU.ActiveCfg = Debug|Any CPU
		{FD3D27D2-7465-44BC-A7B1-F6BEC5F094DD}.Debug|Any CPU.Build.0 = Debug|Any CPU
		{FD3D27D2-7465-44BC-A7B1-F6BEC5F094DD}.Release|Any CPU.ActiveCfg = Release|Any CPU
		{FD3D27D2-7465-44BC-A7B1-F6BEC5F094DD}.Release|Any CPU.Build.0 = Release|Any CPU
		{7B42202D-245E-4AE2-AF77-C3895501EB03}.Debug|Any CPU.ActiveCfg = Debug|Any CPU
		{7B42202D-245E-4AE2-AF77-C3895501EB03}.Debug|Any CPU.Build.0 = Debug|Any CPU
		{7B42202D-245E-4AE2-AF77-C3895501EB03}.Release|Any CPU.ActiveCfg = Release|Any CPU
		{7B42202D-245E-4AE2-AF77-C3895501EB03}.Release|Any CPU.Build.0 = Release|Any CPU
		{309E1D39-D6E9-436A-B542-6D460A766F08}.Debug|Any CPU.ActiveCfg = Debug|Any CPU
		{309E1D39-D6E9-436A-B542-6D460A766F08}.Debug|Any CPU.Build.0 = Debug|Any CPU
		{309E1D39-D6E9-436A-B542-6D460A766F08}.Release|Any CPU.ActiveCfg = Release|Any CPU
		{309E1D39-D6E9-436A-B542-6D460A766F08}.Release|Any CPU.Build.0 = Release|Any CPU
	EndGlobalSection
	GlobalSection(SolutionProperties) = preSolution
		HideSolutionNode = FALSE
	EndGlobalSection
	GlobalSection(ExtensibilityGlobals) = postSolution
		SolutionGuid = {8D350E1F-9EBF-49A4-BEF3-C81AEC5BDAC0}
	EndGlobalSection
EndGlobal
